
Microsoft Visual Studio Solution File, Format Version 12.00
# Visual Studio Version 17
VisualStudioVersion = 17.8.34330.188
MinimumVisualStudioVersion = 10.0.40219.1
Project("{9A19103F-16F7-4668-BE54-9A1E7A4F7556}") = "TeamProject", "TeamProject.csproj", "{A8167B58-DD48-43DD-9EAA-E07904C40D90}"
EndProject
Global
	GlobalSection(SolutionConfigurationPlatforms) = preSolution
		Debug|Any CPU = Debug|Any CPU
		Release|Any CPU = Release|Any CPU
	EndGlobalSection
	GlobalSection(ProjectConfigurationPlatforms) = postSolution
		{A8167B58-DD48-43DD-9EAA-E07904C40D90}.Debug|Any CPU.ActiveCfg = Debug|Any CPU
		{A8167B58-DD48-43DD-9EAA-E07904C40D90}.Debug|Any CPU.Build.0 = Debug|Any CPU
		{A8167B58-DD48-43DD-9EAA-E07904C40D90}.Release|Any CPU.ActiveCfg = Release|Any CPU
		{A8167B58-DD48-43DD-9EAA-E07904C40D90}.Release|Any CPU.Build.0 = Release|Any CPU
	EndGlobalSection
	GlobalSection(SolutionProperties) = preSolution
		HideSolutionNode = FALSE
	EndGlobalSection
	GlobalSection(ExtensibilityGlobals) = postSolution
		SolutionGuid = {CD12D51A-2EF7-4F0B-8856-9FE2D5515E1E}
	EndGlobalSection
EndGlobal
